
Microsoft Visual Studio Solution File, Format Version 12.00
Project("{2150E333-8FDC-42A3-9474-1A3956D46DE8}") = "src", "src", "{F2FECFD0-FBB0-42F5-AB19-E1F9C78C713E}"
EndProject
Project("{2150E333-8FDC-42A3-9474-1A3956D46DE8}") = "tests", "tests", "{D87BC30B-F020-4206-AC2A-BE19176D87E0}"
EndProject
Project("{FAE04EC0-301F-11D3-BF4B-00C04F79EFBC}") = "AutoMCP", "src\AutoMCP\AutoMCP.csproj", "{31FA312E-201A-4E50-8E2F-8347E48891CC}"
EndProject
Project("{FAE04EC0-301F-11D3-BF4B-00C04F79EFBC}") = "AutoMCP.Tests", "tests\AutoMCP.Tests\AutoMCP.Tests.csproj", "{5E53B7DF-7BD0-4847-921F-63B5CE8CA52E}"
EndProject
Global
	GlobalSection(SolutionConfigurationPlatforms) = preSolution
		Debug|Any CPU = Debug|Any CPU
		Release|Any CPU = Release|Any CPU
	EndGlobalSection
	GlobalSection(ProjectConfigurationPlatforms) = postSolution
		{31FA312E-201A-4E50-8E2F-8347E48891CC}.Debug|Any CPU.ActiveCfg = Debug|Any CPU
		{31FA312E-201A-4E50-8E2F-8347E48891CC}.Debug|Any CPU.Build.0 = Debug|Any CPU
		{31FA312E-201A-4E50-8E2F-8347E48891CC}.Release|Any CPU.ActiveCfg = Release|Any CPU
		{31FA312E-201A-4E50-8E2F-8347E48891CC}.Release|Any CPU.Build.0 = Release|Any CPU
		{5E53B7DF-7BD0-4847-921F-63B5CE8CA52E}.Debug|Any CPU.ActiveCfg = Debug|Any CPU
		{5E53B7DF-7BD0-4847-921F-63B5CE8CA52E}.Debug|Any CPU.Build.0 = Debug|Any CPU
		{5E53B7DF-7BD0-4847-921F-63B5CE8CA52E}.Release|Any CPU.ActiveCfg = Release|Any CPU
		{5E53B7DF-7BD0-4847-921F-63B5CE8CA52E}.Release|Any CPU.Build.0 = Release|Any CPU
	EndGlobalSection
	GlobalSection(NestedProjects) = preSolution
		{31FA312E-201A-4E50-8E2F-8347E48891CC} = {F2FECFD0-FBB0-42F5-AB19-E1F9C78C713E}
		{5E53B7DF-7BD0-4847-921F-63B5CE8CA52E} = {D87BC30B-F020-4206-AC2A-BE19176D87E0}
	EndGlobalSection
EndGlobal
